
Microsoft Visual Studio Solution File, Format Version 12.00
# Visual Studio Version 17
VisualStudioVersion = 17.11.35222.181
MinimumVisualStudioVersion = 10.0.40219.1
Project("{FAE04EC0-301F-11D3-BF4B-00C04F79EFBC}") = "PR-22.101_Dmitriev_PR5", "PR-22.101_Dmitriev_PR5\PR-22.101_Dmitriev_PR5.csproj", "{3F182BE5-3428-4FE2-9F43-65537F2A6190}"
EndProject
Project("{FAE04EC0-301F-11D3-BF4B-00C04F79EFBC}") = "HashPasswords", "HashPasswords\HashPasswords.csproj", "{A18CEF70-DC8F-4EB6-9560-70BF3F0FB249}"
EndProject
Global
	GlobalSection(SolutionConfigurationPlatforms) = preSolution
		Debug|Any CPU = Debug|Any CPU
		Release|Any CPU = Release|Any CPU
	EndGlobalSection
	GlobalSection(ProjectConfigurationPlatforms) = postSolution
		{3F182BE5-3428-4FE2-9F43-65537F2A6190}.Debug|Any CPU.ActiveCfg = Debug|Any CPU
		{3F182BE5-3428-4FE2-9F43-65537F2A6190}.Debug|Any CPU.Build.0 = Debug|Any CPU
		{3F182BE5-3428-4FE2-9F43-65537F2A6190}.Release|Any CPU.ActiveCfg = Release|Any CPU
		{3F182BE5-3428-4FE2-9F43-65537F2A6190}.Release|Any CPU.Build.0 = Release|Any CPU
		{A18CEF70-DC8F-4EB6-9560-70BF3F0FB249}.Debug|Any CPU.ActiveCfg = Debug|Any CPU
		{A18CEF70-DC8F-4EB6-9560-70BF3F0FB249}.Debug|Any CPU.Build.0 = Debug|Any CPU
		{A18CEF70-DC8F-4EB6-9560-70BF3F0FB249}.Release|Any CPU.ActiveCfg = Release|Any CPU
		{A18CEF70-DC8F-4EB6-9560-70BF3F0FB249}.Release|Any CPU.Build.0 = Release|Any CPU
	EndGlobalSection
	GlobalSection(SolutionProperties) = preSolution
		HideSolutionNode = FALSE
	EndGlobalSection
	GlobalSection(ExtensibilityGlobals) = postSolution
		SolutionGuid = {8A6AB2E5-01C7-4D00-ADCC-D5EC87F69939}
	EndGlobalSection
EndGlobal
